
Microsoft Visual Studio Solution File, Format Version 12.00
# Visual Studio Version 16
VisualStudioVersion = 16.0.29215.179
MinimumVisualStudioVersion = 10.0.40219.1
Project("{FAE04EC0-301F-11D3-BF4B-00C04F79EFBC}") = "Webmotors.Challenge", "Webmotors.Challenge\Webmotors.Challenge.csproj", "{5E132619-98BE-4DE2-96A9-525B0421C6EF}"
EndProject
Global
	GlobalSection(SolutionConfigurationPlatforms) = preSolution
		Debug|Any CPU = Debug|Any CPU
		Release|Any CPU = Release|Any CPU
	EndGlobalSection
	GlobalSection(ProjectConfigurationPlatforms) = postSolution
		{5E132619-98BE-4DE2-96A9-525B0421C6EF}.Debug|Any CPU.ActiveCfg = Debug|Any CPU
		{5E132619-98BE-4DE2-96A9-525B0421C6EF}.Debug|Any CPU.Build.0 = Debug|Any CPU
		{5E132619-98BE-4DE2-96A9-525B0421C6EF}.Release|Any CPU.ActiveCfg = Release|Any CPU
		{5E132619-98BE-4DE2-96A9-525B0421C6EF}.Release|Any CPU.Build.0 = Release|Any CPU
	EndGlobalSection
	GlobalSection(SolutionProperties) = preSolution
		HideSolutionNode = FALSE
	EndGlobalSection
	GlobalSection(ExtensibilityGlobals) = postSolution
		SolutionGuid = {CD6374D4-B619-4FDC-9D6A-DBD9EB7E0FBF}
	EndGlobalSection
EndGlobal
